{
  "name": "@imgcook/dsl-template",
  "requires": true,
  "lockfileVersion": 1,
  "dependencies": {
    "co": {
      "version": "4.6.0",
      "resolved": "https://registry.npmjs.org/co/-/co-4.6.0.tgz",
      "integrity": "sha1-bqa989hTrlTMuOR7+gvz+QMfsYQ=",
      "dev": true
    },
    "escape-html": {
      "version": "1.0.3",
      "resolved": "https://registry.npmjs.org/escape-html/-/escape-html-1.0.3.tgz",
      "integrity": "sha1-Aljq5NPQwJdN4cFpGI7wBR0dGYg=",
      "dev": true
    },
    "lodash": {
      "version": "4.17.11",
      "resolved": "https://registry.npmjs.org/lodash/-/lodash-4.17.11.tgz",
      "integrity": "sha512-cQKh8igo5QUhZ7lg38DYWAxMvjSAKG0A8wGSVimP07SIUEK2UO+arSRKbRZWtelMtN5V0Hkwh5ryOto/SshYIg==",
      "dev": true
    },
    "prettier": {
      "version": "1.18.2",
      "resolved": "https://registry.npmjs.org/prettier/-/prettier-1.18.2.tgz",
      "integrity": "sha512-OeHeMc0JhFE9idD4ZdtNibzY0+TPHSpSSb9h8FqtP+YnoZZ1sl8Vc9b1sasjfymH3SonAF4QcA2+mzHPhMvIiw==",
      "dev": true
    },
    "thunkify": {
      "version": "2.1.2",
      "resolved": "https://registry.npmjs.org/thunkify/-/thunkify-2.1.2.tgz",
      "integrity": "sha1-+qDp0jDFGsyVyhOjYawFyn4EVT0=",
      "dev": true
    },
    "vm2": {
      "version": "3.8.2",
      "resolved": "https://registry.npmjs.org/vm2/-/vm2-3.8.2.tgz",
      "integrity": "sha512-FE9slf0o4YoD2Jf7VEjytHTac2SMt2J4ahf9Tw9YLLVqJm0DQiMpmN+I0+RsnOZ0kb7PyeR1rLxathXZWJ23kg==",
      "dev": true
    },
    "xtemplate": {
      "version": "4.6.1",
      "resolved": "https://registry.npmjs.org/xtemplate/-/xtemplate-4.6.1.tgz",
      "integrity": "sha1-EbtP4x6Hi9oK+aE5q00y/gz/rT8=",
      "dev": true,
      "requires": {
        "escape-html": "~1.0.3"
      }
    },
    "xtpl": {
      "version": "3.4.0",
      "resolved": "https://registry.npmjs.org/xtpl/-/xtpl-3.4.0.tgz",
      "integrity": "sha1-Aq8IktNpa6ZHUHuAIUdfon+tyHA=",
      "dev": true
    }
  }
}
